
Microsoft Visual Studio Solution File, Format Version 12.00
# Visual Studio Version 17
VisualStudioVersion = 17.10.34928.147
MinimumVisualStudioVersion = 10.0.40219.1
Project("{9A19103F-16F7-4668-BE54-9A1E7A4F7556}") = "TodoApi", "TodoApi.csproj", "{17CF3211-6AA5-4BC1-BFFC-B0B21DDD8677}"
EndProject
Global
	GlobalSection(SolutionConfigurationPlatforms) = preSolution
		Debug|Any CPU = Debug|Any CPU
		Release|Any CPU = Release|Any CPU
	EndGlobalSection
	GlobalSection(ProjectConfigurationPlatforms) = postSolution
		{17CF3211-6AA5-4BC1-BFFC-B0B21DDD8677}.Debug|Any CPU.ActiveCfg = Debug|Any CPU
		{17CF3211-6AA5-4BC1-BFFC-B0B21DDD8677}.Debug|Any CPU.Build.0 = Debug|Any CPU
		{17CF3211-6AA5-4BC1-BFFC-B0B21DDD8677}.Release|Any CPU.ActiveCfg = Release|Any CPU
		{17CF3211-6AA5-4BC1-BFFC-B0B21DDD8677}.Release|Any CPU.Build.0 = Release|Any CPU
	EndGlobalSection
	GlobalSection(SolutionProperties) = preSolution
		HideSolutionNode = FALSE
	EndGlobalSection
	GlobalSection(ExtensibilityGlobals) = postSolution
		SolutionGuid = {EB696EBF-60BD-4499-8CBB-111B863E8294}
	EndGlobalSection
EndGlobal
