
Microsoft Visual Studio Solution File, Format Version 12.00
# Visual Studio Version 17
VisualStudioVersion = 17.10.35004.147
MinimumVisualStudioVersion = 10.0.40219.1
Project("{FAE04EC0-301F-11D3-BF4B-00C04F79EFBC}") = "TextSearchWebAPI", "TextSearchWebAPI\TextSearchWebAPI.csproj", "{8B84F71B-FDA8-44EC-A280-50847C6933BC}"
EndProject
Global
	GlobalSection(SolutionConfigurationPlatforms) = preSolution
		Debug|Any CPU = Debug|Any CPU
		Release|Any CPU = Release|Any CPU
	EndGlobalSection
	GlobalSection(ProjectConfigurationPlatforms) = postSolution
		{8B84F71B-FDA8-44EC-A280-50847C6933BC}.Debug|Any CPU.ActiveCfg = Debug|Any CPU
		{8B84F71B-FDA8-44EC-A280-50847C6933BC}.Debug|Any CPU.Build.0 = Debug|Any CPU
		{8B84F71B-FDA8-44EC-A280-50847C6933BC}.Release|Any CPU.ActiveCfg = Release|Any CPU
		{8B84F71B-FDA8-44EC-A280-50847C6933BC}.Release|Any CPU.Build.0 = Release|Any CPU
	EndGlobalSection
	GlobalSection(SolutionProperties) = preSolution
		HideSolutionNode = FALSE
	EndGlobalSection
	GlobalSection(ExtensibilityGlobals) = postSolution
		SolutionGuid = {ACD2F9A6-C906-43B7-AA47-AC7252D76C40}
	EndGlobalSection
EndGlobal
